
Microsoft Visual Studio Solution File, Format Version 12.00
# Visual Studio 15
VisualStudioVersion = 15.0.27428.2027
MinimumVisualStudioVersion = 10.0.40219.1
Project("{FAE04EC0-301F-11D3-BF4B-00C04F79EFBC}") = "ONI-DenseLogic", "ONI-DenseLogic\ONI-DenseLogic.csproj", "{8F949576-B31F-4FD5-B803-BD52D05FA5C6}"
EndProject
Global
	GlobalSection(SolutionConfigurationPlatforms) = preSolution
		Debug|Any CPU = Debug|Any CPU
		Release|Any CPU = Release|Any CPU
	EndGlobalSection
	GlobalSection(ProjectConfigurationPlatforms) = postSolution
		{8F949576-B31F-4FD5-B803-BD52D05FA5C6}.Debug|Any CPU.ActiveCfg = Debug|Any CPU
		{8F949576-B31F-4FD5-B803-BD52D05FA5C6}.Debug|Any CPU.Build.0 = Debug|Any CPU
		{8F949576-B31F-4FD5-B803-BD52D05FA5C6}.Release|Any CPU.ActiveCfg = Release|Any CPU
		{8F949576-B31F-4FD5-B803-BD52D05FA5C6}.Release|Any CPU.Build.0 = Release|Any CPU
	EndGlobalSection
	GlobalSection(SolutionProperties) = preSolution
		HideSolutionNode = FALSE
	EndGlobalSection
	GlobalSection(ExtensibilityGlobals) = postSolution
		SolutionGuid = {37ED3CF4-7285-4B54-9D0C-7BDF0341B3FD}
	EndGlobalSection
EndGlobal
